// !$*UTF8*$!
{
	archiveVersion = 1;
	classes = {
	};
	objectVersion = 50;
	objects = {

/* Begin PBXBuildFile section */
		D4B3D607237259B700460FC4 /* AppDelegate.m in Sources */ = {isa = PBXBuildFile; fileRef = D4B3D606237259B700460FC4 /* AppDelegate.m */; };
		D4B3D60A237259B700460FC4 /* SceneDelegate.m in Sources */ = {isa = PBXBuildFile; fileRef = D4B3D609237259B700460FC4 /* SceneDelegate.m */; };
		D4B3D60D237259B700460FC4 /* ViewController.m in Sources */ = {isa = PBXBuildFile; fileRef = D4B3D60C237259B700460FC4 /* ViewController.m */; };
		D4B3D610237259B700460FC4 /* Main.storyboard in Resources */ = {isa = PBXBuildFile; fileRef = D4B3D60E237259B700460FC4 /* Main.storyboard */; };
		D4B3D612237259B800460FC4 /* Assets.xcassets in Resources */ = {isa = PBXBuildFile; fileRef = D4B3D611237259B800460FC4 /* Assets.xcassets */; };
		D4B3D615237259B800460FC4 /* LaunchScreen.storyboard in Resources */ = {isa = PBXBuildFile; fileRef = D4B3D613237259B800460FC4 /* LaunchScreen.storyboard */; };
		D4B3D618237259B800460FC4 /* main.m in Sources */ = {isa = PBXBuildFile; fileRef = D4B3D617237259B800460FC4 /* main.m */; };
		D4B3D62323725E7500460FC4 /* WDVideoCollectionViewCell.m in Sources */ = {isa = PBXBuildFile; fileRef = D4B3D62223725E7500460FC4 /* WDVideoCollectionViewCell.m */; };
		D4B3D6262372600B00460FC4 /* WDVideoDetailViewController.m in Sources */ = {isa = PBXBuildFile; fileRef = D4B3D6252372600B00460FC4 /* WDVideoDetailViewController.m */; };
		D4B3D62923726E6500460FC4 /* WDVideoDetailView.m in Sources */ = {isa = PBXBuildFile; fileRef = D4B3D62823726E6500460FC4 /* WDVideoDetailView.m */; };
		D4B3D62C2372942F00460FC4 /* WDVideoDetailCellCollectionViewCell.m in Sources */ = {isa = PBXBuildFile; fileRef = D4B3D62B2372942F00460FC4 /* WDVideoDetailCellCollectionViewCell.m */; };
		D4CADF362374FCEC00162EC2 /* WDVideoPlayerManager.m in Sources */ = {isa = PBXBuildFile; fileRef = D4CADF352374FCEC00162EC2 /* WDVideoPlayerManager.m */; };
/* End PBXBuildFile section */

/* Begin PBXFileReference section */
		D4B3D602237259B700460FC4 /* VideoListDemo.app */ = {isa = PBXFileReference; explicitFileType = wrapper.application; includeInIndex = 0; path = VideoListDemo.app; sourceTree = BUILT_PRODUCTS_DIR; };
		D4B3D605237259B700460FC4 /* AppDelegate.h */ = {isa = PBXFileReference; lastKnownFileType = sourcecode.c.h; path = AppDelegate.h; sourceTree = "<group>"; };
		D4B3D606237259B700460FC4 /* AppDelegate.m */ = {isa = PBXFileReference; lastKnownFileType = sourcecode.c.objc; path = AppDelegate.m; sourceTree = "<group>"; };
		D4B3D608237259B700460FC4 /* SceneDelegate.h */ = {isa = PBXFileReference; lastKnownFileType = sourcecode.c.h; path = SceneDelegate.h; sourceTree = "<group>"; };
		D4B3D609237259B700460FC4 /* SceneDelegate.m */ = {isa = PBXFileReference; lastKnownFileType = sourcecode.c.objc; path = SceneDelegate.m; sourceTree = "<group>"; };
		D4B3D60B237259B700460FC4 /* ViewController.h */ = {isa = PBXFileReference; lastKnownFileType = sourcecode.c.h; path = ViewController.h; sourceTree = "<group>"; };
		D4B3D60C237259B700460FC4 /* ViewController.m */ = {isa = PBXFileReference; lastKnownFileType = sourcecode.c.objc; path = ViewController.m; sourceTree = "<group>"; };
		D4B3D60F237259B700460FC4 /* Base */ = {isa = PBXFileReference; lastKnownFileType = file.storyboard; name = Base; path = Base.lproj/Main.storyboard; sourceTree = "<group>"; };
		D4B3D611237259B800460FC4 /* Assets.xcassets */ = {isa = PBXFileReference; lastKnownFileType = folder.assetcatalog; path = Assets.xcassets; sourceTree = "<group>"; };
		D4B3D614237259B800460FC4 /* Base */ = {isa = PBXFileReference; lastKnownFileType = file.storyboard; name = Base; path = Base.lproj/LaunchScreen.storyboard; sourceTree = "<group>"; };
		D4B3D616237259B800460FC4 /* Info.plist */ = {isa = PBXFileReference; lastKnownFileType = text.plist.xml; path = Info.plist; sourceTree = "<group>"; };
		D4B3D617237259B800460FC4 /* main.m */ = {isa = PBXFileReference; lastKnownFileType = sourcecode.c.objc; path = main.m; sourceTree = "<group>"; };
		D4B3D62123725E7500460FC4 /* WDVideoCollectionViewCell.h */ = {isa = PBXFileReference; lastKnownFileType = sourcecode.c.h; path = WDVideoCollectionViewCell.h; sourceTree = "<group>"; };
		D4B3D62223725E7500460FC4 /* WDVideoCollectionViewCell.m */ = {isa = PBXFileReference; lastKnownFileType = sourcecode.c.objc; path = WDVideoCollectionViewCell.m; sourceTree = "<group>"; };
		D4B3D6242372600B00460FC4 /* WDVideoDetailViewController.h */ = {isa = PBXFileReference; lastKnownFileType = sourcecode.c.h; path = WDVideoDetailViewController.h; sourceTree = "<group>"; };
		D4B3D6252372600B00460FC4 /* WDVideoDetailViewController.m */ = {isa = PBXFileReference; lastKnownFileType = sourcecode.c.objc; path = WDVideoDetailViewController.m; sourceTree = "<group>"; };
		D4B3D62723726E6500460FC4 /* WDVideoDetailView.h */ = {isa = PBXFileReference; lastKnownFileType = sourcecode.c.h; path = WDVideoDetailView.h; sourceTree = "<group>"; };
		D4B3D62823726E6500460FC4 /* WDVideoDetailView.m */ = {isa = PBXFileReference; lastKnownFileType = sourcecode.c.objc; path = WDVideoDetailView.m; sourceTree = "<group>"; };
		D4B3D62A2372942F00460FC4 /* WDVideoDetailCellCollectionViewCell.h */ = {isa = PBXFileReference; lastKnownFileType = sourcecode.c.h; path = WDVideoDetailCellCollectionViewCell.h; sourceTree = "<group>"; };
		D4B3D62B2372942F00460FC4 /* WDVideoDetailCellCollectionViewCell.m */ = {isa = PBXFileReference; lastKnownFileType = sourcecode.c.objc; path = WDVideoDetailCellCollectionViewCell.m; sourceTree = "<group>"; };
		D4CADF342374FCEC00162EC2 /* WDVideoPlayerManager.h */ = {isa = PBXFileReference; lastKnownFileType = sourcecode.c.h; path = WDVideoPlayerManager.h; sourceTree = "<group>"; };
		D4CADF352374FCEC00162EC2 /* WDVideoPlayerManager.m */ = {isa = PBXFileReference; lastKnownFileType = sourcecode.c.objc; path = WDVideoPlayerManager.m; sourceTree = "<group>"; };
/* End PBXFileReference section */

/* Begin PBXFrameworksBuildPhase section */
		D4B3D5FF237259B700460FC4 /* Frameworks */ = {
			isa = PBXFrameworksBuildPhase;
			buildActionMask = 2147483647;
			files = (
			);
			runOnlyForDeploymentPostprocessing = 0;
		};
/* End PBXFrameworksBuildPhase section */

/* Begin PBXGroup section */
		D4B3D5F9237259B700460FC4 = {
			isa = PBXGroup;
			children = (
				D4B3D604237259B700460FC4 /* VideoListDemo */,
				D4B3D603237259B700460FC4 /* Products */,
			);
			sourceTree = "<group>";
		};
		D4B3D603237259B700460FC4 /* Products */ = {
			isa = PBXGroup;
			children = (
				D4B3D602237259B700460FC4 /* VideoListDemo.app */,
			);
			name = Products;
			sourceTree = "<group>";
		};
		D4B3D604237259B700460FC4 /* VideoListDemo */ = {
			isa = PBXGroup;
			children = (
				D4B3D605237259B700460FC4 /* AppDelegate.h */,
				D4B3D606237259B700460FC4 /* AppDelegate.m */,
				D4B3D608237259B700460FC4 /* SceneDelegate.h */,
				D4B3D609237259B700460FC4 /* SceneDelegate.m */,
				D4B3D60B237259B700460FC4 /* ViewController.h */,
				D4B3D60C237259B700460FC4 /* ViewController.m */,
				D4B3D6242372600B00460FC4 /* WDVideoDetailViewController.h */,
				D4B3D6252372600B00460FC4 /* WDVideoDetailViewController.m */,
				D4B3D62123725E7500460FC4 /* WDVideoCollectionViewCell.h */,
				D4B3D62223725E7500460FC4 /* WDVideoCollectionViewCell.m */,
				D4B3D62A2372942F00460FC4 /* WDVideoDetailCellCollectionViewCell.h */,
				D4B3D62B2372942F00460FC4 /* WDVideoDetailCellCollectionViewCell.m */,
				D4B3D62723726E6500460FC4 /* WDVideoDetailView.h */,
				D4B3D62823726E6500460FC4 /* WDVideoDetailView.m */,
				D4CADF342374FCEC00162EC2 /* WDVideoPlayerManager.h */,
				D4CADF352374FCEC00162EC2 /* WDVideoPlayerManager.m */,
				D4B3D60E237259B700460FC4 /* Main.storyboard */,
				D4B3D611237259B800460FC4 /* Assets.xcassets */,
				D4B3D613237259B800460FC4 /* LaunchScreen.storyboard */,
				D4B3D616237259B800460FC4 /* Info.plist */,
				D4B3D617237259B800460FC4 /* main.m */,
			);
			path = VideoListDemo;
			sourceTree = "<group>";
		};
/* End PBXGroup section */

/* Begin PBXNativeTarget section */
		D4B3D601237259B700460FC4 /* VideoListDemo */ = {
			isa = PBXNativeTarget;
			buildConfigurationList = D4B3D61B237259B800460FC4 /* Build configuration list for PBXNativeTarget "VideoListDemo" */;
			buildPhases = (
				D4B3D5FE237259B700460FC4 /* Sources */,
				D4B3D5FF237259B700460FC4 /* Frameworks */,
				D4B3D600237259B700460FC4 /* Resources */,
			);
			buildRules = (
			);
			dependencies = (
			);
			name = VideoListDemo;
			productName = VideoListDemo;
			productReference = D4B3D602237259B700460FC4 /* VideoListDemo.app */;
			productType = "com.apple.product-type.application";
		};
/* End PBXNativeTarget section */

/* Begin PBXProject section */
		D4B3D5FA237259B700460FC4 /* Project object */ = {
			isa = PBXProject;
			attributes = {
				LastUpgradeCheck = 1120;
				ORGANIZATIONNAME = Unique;
				TargetAttributes = {
					D4B3D601237259B700460FC4 = {
						CreatedOnToolsVersion = 11.2;
					};
				};
			};
			buildConfigurationList = D4B3D5FD237259B700460FC4 /* Build configuration list for PBXProject "VideoListDemo" */;
			compatibilityVersion = "Xcode 9.3";
			developmentRegion = en;
			hasScannedForEncodings = 0;
			knownRegions = (
				en,
				Base,
			);
			mainGroup = D4B3D5F9237259B700460FC4;
			productRefGroup = D4B3D603237259B700460FC4 /* Products */;
			projectDirPath = "";
			projectRoot = "";
			targets = (
				D4B3D601237259B700460FC4 /* VideoListDemo */,
			);
		};
/* End PBXProject section */

/* Begin PBXResourcesBuildPhase section */
		D4B3D600237259B700460FC4 /* Resources */ = {
			isa = PBXResourcesBuildPhase;
			buildActionMask = 2147483647;
			files = (
				D4B3D615237259B800460FC4 /* LaunchScreen.storyboard in Resources */,
				D4B3D612237259B800460FC4 /* Assets.xcassets in Resources */,
				D4B3D610237259B700460FC4 /* Main.storyboard in Resources */,
			);
			runOnlyForDeploymentPostprocessing = 0;
		};
/* End PBXResourcesBuildPhase section */

/* Begin PBXSourcesBuildPhase section */
		D4B3D5FE237259B700460FC4 /* Sources */ = {
			isa = PBXSourcesBuildPhase;
			buildActionMask = 2147483647;
			files = (
				D4B3D6262372600B00460FC4 /* WDVideoDetailViewController.m in Sources */,
				D4B3D62323725E7500460FC4 /* WDVideoCollectionViewCell.m in Sources */,
				D4B3D62923726E6500460FC4 /* WDVideoDetailView.m in Sources */,
				D4B3D60D237259B700460FC4 /* ViewController.m in Sources */,
				D4B3D62C2372942F00460FC4 /* WDVideoDetailCellCollectionViewCell.m in Sources */,
				D4B3D607237259B700460FC4 /* AppDelegate.m in Sources */,
				D4B3D618237259B800460FC4 /* main.m in Sources */,
				D4B3D60A237259B700460FC4 /* SceneDelegate.m in Sources */,
				D4CADF362374FCEC00162EC2 /* WDVideoPlayerManager.m in Sources */,
			);
			runOnlyForDeploymentPostprocessing = 0;
		};
/* End PBXSourcesBuildPhase section */

/* Begin PBXVariantGroup section */
		D4B3D60E237259B700460FC4 /* Main.storyboard */ = {
			isa = PBXVariantGroup;
			children = (
				D4B3D60F237259B700460FC4 /* Base */,
			);
			name = Main.storyboard;
			sourceTree = "<group>";
		};
		D4B3D613237259B800460FC4 /* LaunchScreen.storyboard */ = {
			isa = PBXVariantGroup;
			children = (
				D4B3D614237259B800460FC4 /* Base */,
			);
			name = LaunchScreen.storyboard;
			sourceTree = "<group>";
		};
/* End PBXVariantGroup section */

/* Begin XCBuildConfiguration section */
		D4B3D619237259B800460FC4 /* Debug */ = {
			isa = XCBuildConfiguration;
			buildSettings = {
				ALWAYS_SEARCH_USER_PATHS = NO;
				CLANG_ANALYZER_NONNULL = YES;
				CLANG_ANALYZER_NUMBER_OBJECT_CONVERSION = YES_AGGRESSIVE;
				CLANG_CXX_LANGUAGE_STANDARD = "gnu++14";
				CLANG_CXX_LIBRARY = "libc++";
				CLANG_ENABLE_MODULES = YES;
				CLANG_ENABLE_OBJC_ARC = YES;
				CLANG_ENABLE_OBJC_WEAK = YES;
				CLANG_WARN_BLOCK_CAPTURE_AUTORELEASING = YES;
				CLANG_WARN_BOOL_CONVERSION = YES;
				CLANG_WARN_COMMA = YES;
				CLANG_WARN_CONSTANT_CONVERSION = YES;
				CLANG_WARN_DEPRECATED_OBJC_IMPLEMENTATIONS = YES;
				CLANG_WARN_DIRECT_OBJC_ISA_USAGE = YES_ERROR;
				CLANG_WARN_DOCUMENTATION_COMMENTS = YES;
				CLANG_WARN_EMPTY_BODY = YES;
				CLANG_WARN_ENUM_CONVERSION = YES;
				CLANG_WARN_INFINITE_RECURSION = YES;
				CLANG_WARN_INT_CONVERSION = YES;
				CLANG_WARN_NON_LITERAL_NULL_CONVERSION = YES;
				CLANG_WARN_OBJC_IMPLICIT_RETAIN_SELF = YES;
				CLANG_WARN_OBJC_LITERAL_CONVERSION = YES;
				CLANG_WARN_OBJC_ROOT_CLASS = YES_ERROR;
				CLANG_WARN_RANGE_LOOP_ANALYSIS = YES;
				CLANG_WARN_STRICT_PROTOTYPES = YES;
				CLANG_WARN_SUSPICIOUS_MOVE = YES;
				CLANG_WARN_UNGUARDED_AVAILABILITY = YES_AGGRESSIVE;
				CLANG_WARN_UNREACHABLE_CODE = YES;
				CLANG_WARN__DUPLICATE_METHOD_MATCH = YES;
				COPY_PHASE_STRIP = NO;
				DEBUG_INFORMATION_FORMAT = dwarf;
				ENABLE_STRICT_OBJC_MSGSEND = YES;
				ENABLE_TESTABILITY = YES;
				GCC_C_LANGUAGE_STANDARD = gnu11;
				GCC_DYNAMIC_NO_PIC = NO;
				GCC_NO_COMMON_BLOCKS = YES;
				GCC_OPTIMIZATION_LEVEL = 0;
				GCC_PREPROCESSOR_DEFINITIONS = (
					"DEBUG=1",
					"$(inherited)",
				);
				GCC_WARN_64_TO_32_BIT_CONVERSION = YES;
				GCC_WARN_ABOUT_RETURN_TYPE = YES_ERROR;
				GCC_WARN_UNDECLARED_SELECTOR = YES;
				GCC_WARN_UNINITIALIZED_AUTOS = YES_AGGRESSIVE;
				GCC_WARN_UNUSED_FUNCTION = YES;
				GCC_WARN_UNUSED_VARIABLE = YES;
				IPHONEOS_DEPLOYMENT_TARGET = 13.2;
				MTL_ENABLE_DEBUG_INFO = INCLUDE_SOURCE;
				MTL_FAST_MATH = YES;
				ONLY_ACTIVE_ARCH = YES;
				SDKROOT = iphoneos;
			};
			name = Debug;
		};
		D4B3D61A237259B800460FC4 /* Release */ = {
			isa = XCBuildConfiguration;
			buildSettings = {
				ALWAYS_SEARCH_USER_PATHS = NO;
				CLANG_ANALYZER_NONNULL = YES;
				CLANG_ANALYZER_NUMBER_OBJECT_CONVERSION = YES_AGGRESSIVE;
				CLANG_CXX_LANGUAGE_STANDARD = "gnu++14";
				CLANG_CXX_LIBRARY = "libc++";
				CLANG_ENABLE_MODULES = YES;
				CLANG_ENABLE_OBJC_ARC = YES;
				CLANG_ENABLE_OBJC_WEAK = YES;
				CLANG_WARN_BLOCK_CAPTURE_AUTORELEASING = YES;
				CLANG_WARN_BOOL_CONVERSION = YES;
				CLANG_WARN_COMMA = YES;
				CLANG_WARN_CONSTANT_CONVERSION = YES;
				CLANG_WARN_DEPRECATED_OBJC_IMPLEMENTATIONS = YES;
				CLANG_WARN_DIRECT_OBJC_ISA_USAGE = YES_ERROR;
				CLANG_WARN_DOCUMENTATION_COMMENTS = YES;
				CLANG_WARN_EMPTY_BODY = YES;
				CLANG_WARN_ENUM_CONVERSION = YES;
				CLANG_WARN_INFINITE_RECURSION = YES;
				CLANG_WARN_INT_CONVERSION = YES;
				CLANG_WARN_NON_LITERAL_NULL_CONVERSION = YES;
				CLANG_WARN_OBJC_IMPLICIT_RETAIN_SELF = YES;
				CLANG_WARN_OBJC_LITERAL_CONVERSION = YES;
				CLANG_WARN_OBJC_ROOT_CLASS = YES_ERROR;
				CLANG_WARN_RANGE_LOOP_ANALYSIS = YES;
				CLANG_WARN_STRICT_PROTOTYPES = YES;
				CLANG_WARN_SUSPICIOUS_MOVE = YES;
				CLANG_WARN_UNGUARDED_AVAILABILITY = YES_AGGRESSIVE;
				CLANG_WARN_UNREACHABLE_CODE = YES;
				CLANG_WARN__DUPLICATE_METHOD_MATCH = YES;
				COPY_PHASE_STRIP = NO;
				DEBUG_INFORMATION_FORMAT = "dwarf-with-dsym";
				ENABLE_NS_ASSERTIONS = NO;
				ENABLE_STRICT_OBJC_MSGSEND = YES;
				GCC_C_LANGUAGE_STANDARD = gnu11;
				GCC_NO_COMMON_BLOCKS = YES;
				GCC_WARN_64_TO_32_BIT_CONVERSION = YES;
				GCC_WARN_ABOUT_RETURN_TYPE = YES_ERROR;
				GCC_WARN_UNDECLARED_SELECTOR = YES;
				GCC_WARN_UNINITIALIZED_AUTOS = YES_AGGRESSIVE;
				GCC_WARN_UNUSED_FUNCTION = YES;
				GCC_WARN_UNUSED_VARIABLE = YES;
				IPHONEOS_DEPLOYMENT_TARGET = 13.2;
				MTL_ENABLE_DEBUG_INFO = NO;
				MTL_FAST_MATH = YES;
				SDKROOT = iphoneos;
				VALIDATE_PRODUCT = YES;
			};
			name = Release;
		};
		D4B3D61C237259B800460FC4 /* Debug */ = {
			isa = XCBuildConfiguration;
			buildSettings = {
				ASSETCATALOG_COMPILER_APPICON_NAME = AppIcon;
				CODE_SIGN_STYLE = Automatic;
				INFOPLIST_FILE = VideoListDemo/Info.plist;
				LD_RUNPATH_SEARCH_PATHS = (
					"$(inherited)",
					"@executable_path/Frameworks",
				);
				PRODUCT_BUNDLE_IDENTIFIER = com.forever.VideoListDemo;
				PRODUCT_NAME = "$(TARGET_NAME)";
				TARGETED_DEVICE_FAMILY = "1,2";
			};
			name = Debug;
		};
		D4B3D61D237259B800460FC4 /* Release */ = {
			isa = XCBuildConfiguration;
			buildSettings = {
				ASSETCATALOG_COMPILER_APPICON_NAME = AppIcon;
				CODE_SIGN_STYLE = Automatic;
				INFOPLIST_FILE = VideoListDemo/Info.plist;
				LD_RUNPATH_SEARCH_PATHS = (
					"$(inherited)",
					"@executable_path/Frameworks",
				);
				PRODUCT_BUNDLE_IDENTIFIER = com.forever.VideoListDemo;
				PRODUCT_NAME = "$(TARGET_NAME)";
				TARGETED_DEVICE_FAMILY = "1,2";
			};
			name = Release;
		};
/* End XCBuildConfiguration section */

/* Begin XCConfigurationList section */
		D4B3D5FD237259B700460FC4 /* Build configuration list for PBXProject "VideoListDemo" */ = {
			isa = XCConfigurationList;
			buildConfigurations = (
				D4B3D619237259B800460FC4 /* Debug */,
				D4B3D61A237259B800460FC4 /* Release */,
			);
			defaultConfigurationIsVisible = 0;
			defaultConfigurationName = Release;
		};
		D4B3D61B237259B800460FC4 /* Build configuration list for PBXNativeTarget "VideoListDemo" */ = {
			isa = XCConfigurationList;
			buildConfigurations = (
				D4B3D61C237259B800460FC4 /* Debug */,
				D4B3D61D237259B800460FC4 /* Release */,
			);
			defaultConfigurationIsVisible = 0;
			defaultConfigurationName = Release;
		};
/* End XCConfigurationList section */
	};
	rootObject = D4B3D5FA237259B700460FC4 /* Project object */;
}
